
Microsoft Visual Studio Solution File, Format Version 12.00
# Visual Studio Version 17
VisualStudioVersion = 17.5.33516.290
MinimumVisualStudioVersion = 10.0.40219.1
Project("{FAE04EC0-301F-11D3-BF4B-00C04F79EFBC}") = "ProducerConsole", "ProducerConsole\ProducerConsole.csproj", "{2956F37F-95FF-4558-BE60-07029D44C786}"
EndProject
Project("{FAE04EC0-301F-11D3-BF4B-00C04F79EFBC}") = "ConsumerConsole", "ConsumerConsole\ConsumerConsole.csproj", "{9CC236B0-5BD8-4804-B615-F91868B0BD41}"
EndProject
Global
	GlobalSection(SolutionConfigurationPlatforms) = preSolution
		Debug|Any CPU = Debug|Any CPU
		Release|Any CPU = Release|Any CPU
	EndGlobalSection
	GlobalSection(ProjectConfigurationPlatforms) = postSolution
		{2956F37F-95FF-4558-BE60-07029D44C786}.Debug|Any CPU.ActiveCfg = Debug|Any CPU
		{2956F37F-95FF-4558-BE60-07029D44C786}.Debug|Any CPU.Build.0 = Debug|Any CPU
		{2956F37F-95FF-4558-BE60-07029D44C786}.Release|Any CPU.ActiveCfg = Release|Any CPU
		{2956F37F-95FF-4558-BE60-07029D44C786}.Release|Any CPU.Build.0 = Release|Any CPU
		{9CC236B0-5BD8-4804-B615-F91868B0BD41}.Debug|Any CPU.ActiveCfg = Debug|Any CPU
		{9CC236B0-5BD8-4804-B615-F91868B0BD41}.Debug|Any CPU.Build.0 = Debug|Any CPU
		{9CC236B0-5BD8-4804-B615-F91868B0BD41}.Release|Any CPU.ActiveCfg = Release|Any CPU
		{9CC236B0-5BD8-4804-B615-F91868B0BD41}.Release|Any CPU.Build.0 = Release|Any CPU
	EndGlobalSection
	GlobalSection(SolutionProperties) = preSolution
		HideSolutionNode = FALSE
	EndGlobalSection
	GlobalSection(ExtensibilityGlobals) = postSolution
		SolutionGuid = {859B1BD1-1C0F-4F52-A227-500CF07071E8}
	EndGlobalSection
EndGlobal
