
Microsoft Visual Studio Solution File, Format Version 12.00
# Visual Studio Version 17
VisualStudioVersion = 17.5.33516.290
MinimumVisualStudioVersion = 10.0.40219.1
Project("{9A19103F-16F7-4668-BE54-9A1E7A4F7556}") = "MessageQueueLibrary", "MessageQueueLibrary\MessageQueueLibrary.csproj", "{BED07DB2-AFB6-40A9-BAFD-BDAE9F73703B}"
EndProject
Project("{2150E333-8FDC-42A3-9474-1A3956D46DE8}") = "Config", "Config", "{D92C1B11-F0D0-45BD-9231-9BC417AA635B}"
	ProjectSection(SolutionItems) = preProject
		App.config = App.config
	EndProjectSection
EndProject
Project("{FAE04EC0-301F-11D3-BF4B-00C04F79EFBC}") = "Sender", "Sender\Sender.csproj", "{6B106EAB-867F-4DA4-A54E-A1D3FE36ED4B}"
EndProject
Project("{FAE04EC0-301F-11D3-BF4B-00C04F79EFBC}") = "Receiver", "Receiver\Receiver.csproj", "{0BB9BEDC-3F7F-4FC5-9695-0917982C6EEE}"
EndProject
Project("{FAE04EC0-301F-11D3-BF4B-00C04F79EFBC}") = "SenderTests", "SenderTests\SenderTests.csproj", "{75BEB616-4E61-42B7-A3BB-F7C63C3E03F1}"
EndProject
Project("{FAE04EC0-301F-11D3-BF4B-00C04F79EFBC}") = "ReceiverTests", "ReceiverTests\ReceiverTests.csproj", "{76BB03BF-4368-4941-AC01-BBE6B9857F52}"
EndProject
Global
	GlobalSection(SolutionConfigurationPlatforms) = preSolution
		Debug|Any CPU = Debug|Any CPU
		Release|Any CPU = Release|Any CPU
	EndGlobalSection
	GlobalSection(ProjectConfigurationPlatforms) = postSolution
		{BED07DB2-AFB6-40A9-BAFD-BDAE9F73703B}.Debug|Any CPU.ActiveCfg = Debug|Any CPU
		{BED07DB2-AFB6-40A9-BAFD-BDAE9F73703B}.Debug|Any CPU.Build.0 = Debug|Any CPU
		{BED07DB2-AFB6-40A9-BAFD-BDAE9F73703B}.Release|Any CPU.ActiveCfg = Release|Any CPU
		{BED07DB2-AFB6-40A9-BAFD-BDAE9F73703B}.Release|Any CPU.Build.0 = Release|Any CPU
		{6B106EAB-867F-4DA4-A54E-A1D3FE36ED4B}.Debug|Any CPU.ActiveCfg = Debug|Any CPU
		{6B106EAB-867F-4DA4-A54E-A1D3FE36ED4B}.Debug|Any CPU.Build.0 = Debug|Any CPU
		{6B106EAB-867F-4DA4-A54E-A1D3FE36ED4B}.Release|Any CPU.ActiveCfg = Release|Any CPU
		{6B106EAB-867F-4DA4-A54E-A1D3FE36ED4B}.Release|Any CPU.Build.0 = Release|Any CPU
		{0BB9BEDC-3F7F-4FC5-9695-0917982C6EEE}.Debug|Any CPU.ActiveCfg = Debug|Any CPU
		{0BB9BEDC-3F7F-4FC5-9695-0917982C6EEE}.Debug|Any CPU.Build.0 = Debug|Any CPU
		{0BB9BEDC-3F7F-4FC5-9695-0917982C6EEE}.Release|Any CPU.ActiveCfg = Release|Any CPU
		{0BB9BEDC-3F7F-4FC5-9695-0917982C6EEE}.Release|Any CPU.Build.0 = Release|Any CPU
		{75BEB616-4E61-42B7-A3BB-F7C63C3E03F1}.Debug|Any CPU.ActiveCfg = Debug|Any CPU
		{75BEB616-4E61-42B7-A3BB-F7C63C3E03F1}.Debug|Any CPU.Build.0 = Debug|Any CPU
		{75BEB616-4E61-42B7-A3BB-F7C63C3E03F1}.Release|Any CPU.ActiveCfg = Release|Any CPU
		{75BEB616-4E61-42B7-A3BB-F7C63C3E03F1}.Release|Any CPU.Build.0 = Release|Any CPU
		{76BB03BF-4368-4941-AC01-BBE6B9857F52}.Debug|Any CPU.ActiveCfg = Debug|Any CPU
		{76BB03BF-4368-4941-AC01-BBE6B9857F52}.Debug|Any CPU.Build.0 = Debug|Any CPU
		{76BB03BF-4368-4941-AC01-BBE6B9857F52}.Release|Any CPU.ActiveCfg = Release|Any CPU
		{76BB03BF-4368-4941-AC01-BBE6B9857F52}.Release|Any CPU.Build.0 = Release|Any CPU
	EndGlobalSection
	GlobalSection(SolutionProperties) = preSolution
		HideSolutionNode = FALSE
	EndGlobalSection
	GlobalSection(ExtensibilityGlobals) = postSolution
		SolutionGuid = {859B1BD1-1C0F-4F52-A227-500CF07071E8}
	EndGlobalSection
EndGlobal
